
Microsoft Visual Studio Solution File, Format Version 12.00
# Visual Studio 2013
VisualStudioVersion = 12.0.30723.0
MinimumVisualStudioVersion = 10.0.40219.1
Project("{FAE04EC0-301F-11D3-BF4B-00C04F79EFBC}") = "RunForYourMoney", "RunForYourMoney\RunForYourMoney.csproj", "{478C4E07-5E68-43FF-ABDD-4F166799F7F1}"
EndProject
Project("{2150E333-8FDC-42A3-9474-1A3956D46DE8}") = "PublishScripts", "PublishScripts", "{5475C2AE-50AC-4506-A852-46C45C466B35}"
	ProjectSection(SolutionItems) = preProject
		PublishScripts\AzureWebsitePublishModule.psm1 = PublishScripts\AzureWebsitePublishModule.psm1
		PublishScripts\Publish-WebApplicationWebsite.ps1 = PublishScripts\Publish-WebApplicationWebsite.ps1
	EndProjectSection
EndProject
Project("{2150E333-8FDC-42A3-9474-1A3956D46DE8}") = "Configurations", "Configurations", "{A59E9CD2-93CD-4369-BF4E-A478709A0C7C}"
	ProjectSection(SolutionItems) = preProject
		PublishScripts\Configurations\RunForYourMoney-WAWS-dev.json = PublishScripts\Configurations\RunForYourMoney-WAWS-dev.json
	EndProjectSection
EndProject
Global
	GlobalSection(SolutionConfigurationPlatforms) = preSolution
		Debug|Any CPU = Debug|Any CPU
		Release|Any CPU = Release|Any CPU
	EndGlobalSection
	GlobalSection(ProjectConfigurationPlatforms) = postSolution
		{478C4E07-5E68-43FF-ABDD-4F166799F7F1}.Debug|Any CPU.ActiveCfg = Debug|Any CPU
		{478C4E07-5E68-43FF-ABDD-4F166799F7F1}.Debug|Any CPU.Build.0 = Debug|Any CPU
		{478C4E07-5E68-43FF-ABDD-4F166799F7F1}.Release|Any CPU.ActiveCfg = Release|Any CPU
		{478C4E07-5E68-43FF-ABDD-4F166799F7F1}.Release|Any CPU.Build.0 = Release|Any CPU
	EndGlobalSection
	GlobalSection(SolutionProperties) = preSolution
		HideSolutionNode = FALSE
	EndGlobalSection
	GlobalSection(NestedProjects) = preSolution
		{A59E9CD2-93CD-4369-BF4E-A478709A0C7C} = {5475C2AE-50AC-4506-A852-46C45C466B35}
	EndGlobalSection
EndGlobal
